
Microsoft Visual Studio Solution File, Format Version 12.00
# Visual Studio 14
VisualStudioVersion = 14.0.25420.1
MinimumVisualStudioVersion = 10.0.40219.1
Project("{FAE04EC0-301F-11D3-BF4B-00C04F79EFBC}") = "ImageService", "MyNewService\ImageService.csproj", "{981D250B-750B-4CC8-9E9A-67A2969C7724}"
EndProject
Project("{FAE04EC0-301F-11D3-BF4B-00C04F79EFBC}") = "ImageServiceGUI", "ImageServiceGUI\ImageServiceGUI.csproj", "{EB4DF3EB-4BD2-4F64-B984-97D3AED8CCE8}"
EndProject
Project("{FAE04EC0-301F-11D3-BF4B-00C04F79EFBC}") = "ImageService.Logging", "ImageService.Logging\ImageService.Logging.csproj", "{A8F23150-FE73-45D8-99F0-83D8354F22D7}"
EndProject
Project("{FAE04EC0-301F-11D3-BF4B-00C04F79EFBC}") = "ImageService.Communication", "ImageService.Communication\ImageService.Communication.csproj", "{FF225EF0-E3E6-464B-9CB4-D461413CFBC5}"
EndProject
Project("{FAE04EC0-301F-11D3-BF4B-00C04F79EFBC}") = "ImageService.Infrustracture", "ImageService.Infrustracture\ImageService.Infrustracture.csproj", "{E95C4B0A-682B-4BB9-B151-85D2196782B0}"
EndProject
Project("{FAE04EC0-301F-11D3-BF4B-00C04F79EFBC}") = "WebApplication2.1", "WebApplication2\WebApplication2\WebApplication2.1.csproj", "{DF8A4E08-06D8-4E5D-8F37-A4AB82B39562}"
EndProject
Global
	GlobalSection(SolutionConfigurationPlatforms) = preSolution
		Debug|Any CPU = Debug|Any CPU
		Release|Any CPU = Release|Any CPU
	EndGlobalSection
	GlobalSection(ProjectConfigurationPlatforms) = postSolution
		{981D250B-750B-4CC8-9E9A-67A2969C7724}.Debug|Any CPU.ActiveCfg = Debug|Any CPU
		{981D250B-750B-4CC8-9E9A-67A2969C7724}.Debug|Any CPU.Build.0 = Debug|Any CPU
		{981D250B-750B-4CC8-9E9A-67A2969C7724}.Release|Any CPU.ActiveCfg = Release|Any CPU
		{981D250B-750B-4CC8-9E9A-67A2969C7724}.Release|Any CPU.Build.0 = Release|Any CPU
		{EB4DF3EB-4BD2-4F64-B984-97D3AED8CCE8}.Debug|Any CPU.ActiveCfg = Debug|Any CPU
		{EB4DF3EB-4BD2-4F64-B984-97D3AED8CCE8}.Debug|Any CPU.Build.0 = Debug|Any CPU
		{EB4DF3EB-4BD2-4F64-B984-97D3AED8CCE8}.Release|Any CPU.ActiveCfg = Release|Any CPU
		{EB4DF3EB-4BD2-4F64-B984-97D3AED8CCE8}.Release|Any CPU.Build.0 = Release|Any CPU
		{A8F23150-FE73-45D8-99F0-83D8354F22D7}.Debug|Any CPU.ActiveCfg = Debug|Any CPU
		{A8F23150-FE73-45D8-99F0-83D8354F22D7}.Debug|Any CPU.Build.0 = Debug|Any CPU
		{A8F23150-FE73-45D8-99F0-83D8354F22D7}.Release|Any CPU.ActiveCfg = Release|Any CPU
		{A8F23150-FE73-45D8-99F0-83D8354F22D7}.Release|Any CPU.Build.0 = Release|Any CPU
		{FF225EF0-E3E6-464B-9CB4-D461413CFBC5}.Debug|Any CPU.ActiveCfg = Debug|Any CPU
		{FF225EF0-E3E6-464B-9CB4-D461413CFBC5}.Debug|Any CPU.Build.0 = Debug|Any CPU
		{FF225EF0-E3E6-464B-9CB4-D461413CFBC5}.Release|Any CPU.ActiveCfg = Release|Any CPU
		{FF225EF0-E3E6-464B-9CB4-D461413CFBC5}.Release|Any CPU.Build.0 = Release|Any CPU
		{E95C4B0A-682B-4BB9-B151-85D2196782B0}.Debug|Any CPU.ActiveCfg = Debug|Any CPU
		{E95C4B0A-682B-4BB9-B151-85D2196782B0}.Debug|Any CPU.Build.0 = Debug|Any CPU
		{E95C4B0A-682B-4BB9-B151-85D2196782B0}.Release|Any CPU.ActiveCfg = Release|Any CPU
		{E95C4B0A-682B-4BB9-B151-85D2196782B0}.Release|Any CPU.Build.0 = Release|Any CPU
		{DF8A4E08-06D8-4E5D-8F37-A4AB82B39562}.Debug|Any CPU.ActiveCfg = Debug|Any CPU
		{DF8A4E08-06D8-4E5D-8F37-A4AB82B39562}.Debug|Any CPU.Build.0 = Debug|Any CPU
		{DF8A4E08-06D8-4E5D-8F37-A4AB82B39562}.Release|Any CPU.ActiveCfg = Release|Any CPU
		{DF8A4E08-06D8-4E5D-8F37-A4AB82B39562}.Release|Any CPU.Build.0 = Release|Any CPU
	EndGlobalSection
	GlobalSection(SolutionProperties) = preSolution
		HideSolutionNode = FALSE
	EndGlobalSection
	GlobalSection(ExtensibilityGlobals) = postSolution
		SolutionGuid = {C697C020-19B1-42DB-AB89-31D839C46A6F}
	EndGlobalSection
EndGlobal
