
Microsoft Visual Studio Solution File, Format Version 12.00
# Visual Studio 15
VisualStudioVersion = 15.0.27428.2015
MinimumVisualStudioVersion = 10.0.40219.1
Project("{FAE04EC0-301F-11D3-BF4B-00C04F79EFBC}") = "ImageService", "MyNewService\ImageService.csproj", "{981D250B-750B-4CC8-9E9A-67A2969C7724}"
EndProject
Project("{9A19103F-16F7-4668-BE54-9A1E7A4F7556}") = "ImageService.Infrustracture", "ImageService.Infrustracture\ImageService.Infrustracture.csproj", "{410A442C-C8B8-422B-8483-124D3FA45BD2}"
EndProject
Project("{9A19103F-16F7-4668-BE54-9A1E7A4F7556}") = "ImageService.Communication", "ImageService.Communication\ImageService.Communication.csproj", "{A216ED61-4C66-4EEB-A0FC-9A86D0ECF0EB}"
EndProject
Project("{FAE04EC0-301F-11D3-BF4B-00C04F79EFBC}") = "ImageServiceGUI", "ImageServiceGUI\ImageServiceGUI.csproj", "{EB4DF3EB-4BD2-4F64-B984-97D3AED8CCE8}"
EndProject
Project("{FAE04EC0-301F-11D3-BF4B-00C04F79EFBC}") = "ImageService.Logging", "ImageService.Logging\ImageService.Logging.csproj", "{A8F23150-FE73-45D8-99F0-83D8354F22D7}"
EndProject
Global
	GlobalSection(SolutionConfigurationPlatforms) = preSolution
		Debug|Any CPU = Debug|Any CPU
		Release|Any CPU = Release|Any CPU
	EndGlobalSection
	GlobalSection(ProjectConfigurationPlatforms) = postSolution
		{981D250B-750B-4CC8-9E9A-67A2969C7724}.Debug|Any CPU.ActiveCfg = Debug|Any CPU
		{981D250B-750B-4CC8-9E9A-67A2969C7724}.Debug|Any CPU.Build.0 = Debug|Any CPU
		{981D250B-750B-4CC8-9E9A-67A2969C7724}.Release|Any CPU.ActiveCfg = Release|Any CPU
		{981D250B-750B-4CC8-9E9A-67A2969C7724}.Release|Any CPU.Build.0 = Release|Any CPU
		{410A442C-C8B8-422B-8483-124D3FA45BD2}.Debug|Any CPU.ActiveCfg = Debug|Any CPU
		{410A442C-C8B8-422B-8483-124D3FA45BD2}.Debug|Any CPU.Build.0 = Debug|Any CPU
		{410A442C-C8B8-422B-8483-124D3FA45BD2}.Release|Any CPU.ActiveCfg = Release|Any CPU
		{410A442C-C8B8-422B-8483-124D3FA45BD2}.Release|Any CPU.Build.0 = Release|Any CPU
		{A216ED61-4C66-4EEB-A0FC-9A86D0ECF0EB}.Debug|Any CPU.ActiveCfg = Debug|Any CPU
		{A216ED61-4C66-4EEB-A0FC-9A86D0ECF0EB}.Debug|Any CPU.Build.0 = Debug|Any CPU
		{A216ED61-4C66-4EEB-A0FC-9A86D0ECF0EB}.Release|Any CPU.ActiveCfg = Release|Any CPU
		{A216ED61-4C66-4EEB-A0FC-9A86D0ECF0EB}.Release|Any CPU.Build.0 = Release|Any CPU
		{EB4DF3EB-4BD2-4F64-B984-97D3AED8CCE8}.Debug|Any CPU.ActiveCfg = Debug|Any CPU
		{EB4DF3EB-4BD2-4F64-B984-97D3AED8CCE8}.Debug|Any CPU.Build.0 = Debug|Any CPU
		{EB4DF3EB-4BD2-4F64-B984-97D3AED8CCE8}.Release|Any CPU.ActiveCfg = Release|Any CPU
		{EB4DF3EB-4BD2-4F64-B984-97D3AED8CCE8}.Release|Any CPU.Build.0 = Release|Any CPU
		{A8F23150-FE73-45D8-99F0-83D8354F22D7}.Debug|Any CPU.ActiveCfg = Debug|Any CPU
		{A8F23150-FE73-45D8-99F0-83D8354F22D7}.Debug|Any CPU.Build.0 = Debug|Any CPU
		{A8F23150-FE73-45D8-99F0-83D8354F22D7}.Release|Any CPU.ActiveCfg = Release|Any CPU
		{A8F23150-FE73-45D8-99F0-83D8354F22D7}.Release|Any CPU.Build.0 = Release|Any CPU
	EndGlobalSection
	GlobalSection(SolutionProperties) = preSolution
		HideSolutionNode = FALSE
	EndGlobalSection
	GlobalSection(ExtensibilityGlobals) = postSolution
		SolutionGuid = {C697C020-19B1-42DB-AB89-31D839C46A6F}
	EndGlobalSection
EndGlobal
